
Microsoft Visual Studio Solution File, Format Version 12.00
# Visual Studio Version 16
VisualStudioVersion = 16.0.31129.286
MinimumVisualStudioVersion = 10.0.40219.1
Project("{9A19103F-16F7-4668-BE54-9A1E7A4F7556}") = "PrimitiveObsessionAnalyzer", "Analyzer\PrimitiveObsessionAnalyzer\PrimitiveObsessionAnalyzer\PrimitiveObsessionAnalyzer.csproj", "{3E69B7D4-4D86-4180-A167-3E9D1CF61E27}"
EndProject
Project("{9A19103F-16F7-4668-BE54-9A1E7A4F7556}") = "PrimitiveObsessionAnalyzer.Package", "Analyzer\PrimitiveObsessionAnalyzer\PrimitiveObsessionAnalyzer.Package\PrimitiveObsessionAnalyzer.Package.csproj", "{1919576E-6822-4AA5-84CC-5748F645480D}"
EndProject
Project("{9A19103F-16F7-4668-BE54-9A1E7A4F7556}") = "PrimitiveObsessionAnalyzer.Test", "Analyzer\PrimitiveObsessionAnalyzer\PrimitiveObsessionAnalyzer.Test\PrimitiveObsessionAnalyzer.Test.csproj", "{A6E424DD-3309-420B-ABA3-8435C855EC6E}"
EndProject
Project("{9A19103F-16F7-4668-BE54-9A1E7A4F7556}") = "PrimitiveObsessionAnalyzer.Vsix", "Analyzer\PrimitiveObsessionAnalyzer\PrimitiveObsessionAnalyzer.Vsix\PrimitiveObsessionAnalyzer.Vsix.csproj", "{086A3F06-CC03-4C7F-BB9E-F705D5507D87}"
EndProject
Global
	GlobalSection(SolutionConfigurationPlatforms) = preSolution
		Debug|Any CPU = Debug|Any CPU
		Release|Any CPU = Release|Any CPU
	EndGlobalSection
	GlobalSection(ProjectConfigurationPlatforms) = postSolution
		{3E69B7D4-4D86-4180-A167-3E9D1CF61E27}.Debug|Any CPU.ActiveCfg = Debug|Any CPU
		{3E69B7D4-4D86-4180-A167-3E9D1CF61E27}.Debug|Any CPU.Build.0 = Debug|Any CPU
		{3E69B7D4-4D86-4180-A167-3E9D1CF61E27}.Release|Any CPU.ActiveCfg = Release|Any CPU
		{3E69B7D4-4D86-4180-A167-3E9D1CF61E27}.Release|Any CPU.Build.0 = Release|Any CPU
		{1919576E-6822-4AA5-84CC-5748F645480D}.Debug|Any CPU.ActiveCfg = Debug|Any CPU
		{1919576E-6822-4AA5-84CC-5748F645480D}.Debug|Any CPU.Build.0 = Debug|Any CPU
		{1919576E-6822-4AA5-84CC-5748F645480D}.Release|Any CPU.ActiveCfg = Release|Any CPU
		{1919576E-6822-4AA5-84CC-5748F645480D}.Release|Any CPU.Build.0 = Release|Any CPU
		{A6E424DD-3309-420B-ABA3-8435C855EC6E}.Debug|Any CPU.ActiveCfg = Debug|Any CPU
		{A6E424DD-3309-420B-ABA3-8435C855EC6E}.Debug|Any CPU.Build.0 = Debug|Any CPU
		{A6E424DD-3309-420B-ABA3-8435C855EC6E}.Release|Any CPU.ActiveCfg = Release|Any CPU
		{A6E424DD-3309-420B-ABA3-8435C855EC6E}.Release|Any CPU.Build.0 = Release|Any CPU
		{086A3F06-CC03-4C7F-BB9E-F705D5507D87}.Debug|Any CPU.ActiveCfg = Debug|Any CPU
		{086A3F06-CC03-4C7F-BB9E-F705D5507D87}.Debug|Any CPU.Build.0 = Debug|Any CPU
		{086A3F06-CC03-4C7F-BB9E-F705D5507D87}.Release|Any CPU.ActiveCfg = Release|Any CPU
		{086A3F06-CC03-4C7F-BB9E-F705D5507D87}.Release|Any CPU.Build.0 = Release|Any CPU
	EndGlobalSection
	GlobalSection(SolutionProperties) = preSolution
		HideSolutionNode = FALSE
	EndGlobalSection
	GlobalSection(ExtensibilityGlobals) = postSolution
		SolutionGuid = {E44265D5-7C08-4BA0-AEF8-74F3A8DF0EE1}
	EndGlobalSection
EndGlobal
